{
  "version": 4,
  "terraform_version": "1.13.5",
  "serial": 285,
  "lineage": "f67dd337-4c2f-667b-7dbe-d0e08e5498ac",
  "outputs": {
    "artifact_repo_url": {
      "value": "makeauto-repo",
      "type": "string"
    },
    "gke_ca_certificate": {
      "value": "LS0tLS1CRUdJTiBDRVJUSUZJQ0FURS0tLS0tCk1JSUVMRENDQXBTZ0F3SUJBZ0lRYzJrb2NYUXl4d05BeG0vUitqVzhEekFOQmdrcWhraUc5dzBCQVFzRkFEQXYKTVMwd0t3WURWUVFERXlRd09HUmxZMlZpT1Mxa1pEUmxMVFF6TkRrdFlXSmpaUzFqTUdSaE9HRXhaV1E1TXpjdwpJQmNOTWpVeE1qQTNNREV3TlRJd1doZ1BNakExTlRFeE16QXdNakExTWpCYU1DOHhMVEFyQmdOVkJBTVRKREE0ClpHVmpaV0k1TFdSa05HVXRORE0wT1MxaFltTmxMV013WkdFNFlURmxaRGt6TnpDQ0FhSXdEUVlKS29aSWh2Y04KQVFFQkJRQURnZ0dQQURDQ0FZb0NnZ0dCQUtlcEJ4WDB2WC9yd2lqWWlRZmR0RGplWVBJRUxYc2pyL1Y3OXF6SQpJejNtUk9BK3Q0WVhUQU90bG5kUjU2a09tSlY5cFBqU25HN2hvcW8zODFWZnZsc0Q5dWM4RDhsdzRtMzFNdnZVCnNiNks5QjBIZWo4UGpCdHkxSjA5TGU2NnI4YUtNclFhKyttZitkMmY1blVxVzJRbUg1OXE0eUVSYzVRQXovK1QKdTNFb2ZlZVVHNzhRd1N2MmdhTlFiNjFNRDRZa1N4Z1p6ZldqM0pGUXc0L2dxaHp0SDdrSkkzTTdwYjh3K2NEOQpGWUZXWjlkL0RkRkZtb0g3bTluS3V3Z1BnZnUxVFJNUlBFUHlXNmc5bEFiSTBBOHBIZXBNM0RXUHFQMnhrY2VqCitCci81UDNsaGowRGovcHU4MkJORkQvNmVYcWlRN1pKTHRpSkdzZmt0MlNReGZScXBpeHdiSllxS0JBZEVlV2sKSS84c1grUnFxVW1UNDlyMnhXcThYeDVzS0JOK2orVzRNcWc5VFhqREZpTStQQmxjNHI1MGhKTk41Yjk0TlJLbwpFNG91RUYzSlpZVHR0NENNUFUzWFoxTHdyVkIxUFIxSThxN2c1NXkycEx3SEVCalNoeCtSeE9oNFVlb1FYUi9GCm4zOUU4ZXRZNlZla21lcjFZZitJS1JJM3l3SURBUUFCbzBJd1FEQU9CZ05WSFE4QkFmOEVCQU1DQWdRd0R3WUQKVlIwVEFRSC9CQVV3QXdFQi96QWRCZ05WSFE0RUZnUVV4SUJrLzVyVVdneEU3Uml3cDB6djhoSmI4ZnN3RFFZSgpLb1pJaHZjTkFRRUxCUUFEZ2dHQkFBVWVleUFhTGNSWFpuRnRoaG1yZkw2WFpmSm94MjgyQXFUajRBSTdVSDAzCmpWUlBGT0hzUWtPai91WkJGbVZJdDFEM0p2REhTbFpYeWhiSm9BNW5zenkzNFFDK21kWjd3cDVsNlZOSjZScFgKbmhEZFhLL1FiTEZXQ1d1dkFQVUNwZm9ZWEF0ZU9QeHZIeEErQ3liRW1QQnlDZEVkanNHc0hkZXMrRlpsb0E5Rgp4SVRtSnVRM2gzeU9wYUNIOWdTbnBEQ1FaN2NRa0pkWEJ3eTEwS2svRC8rcktybWNITEs3djJzeDdVQ01zN3Q3CjczLzA3MTFqd2Fyd21OQ0R0WURvSHhpTktRYmFCNnNRSWthQzJhQlRYYlVPZjYrV3NGNDlOQ3QvSEM2ZWh1bDQKdVZSVEh6NW9xbVJNSGpwNGpBclhTcnR0M2NjbFdQZEJRVHQzSmNYT0lOUmNmbTVLN1grTzNwdGJmM3pBWlJDMgprTVV6NkJudThvdVc0dGRqUFVpbHFyTW4yS2tsdi9KNXk3UUJjRk5KRk0wWnVXOVE4RTh3TnRZRGcxU2xWVHIwCmh5enZ4UW1JWDN1ZGlkL0lQcVRTekFxVEIvWXovM0lSQmZySnZBMUxXdnBwOFNtbzFPMUh2cy9NbGRaL2F5cHgKeGRwY3RvclliNktHVWdKeTdaWnVoUT09Ci0tLS0tRU5EIENFUlRJRklDQVRFLS0tLS0K",
      "type": "string",
      "sensitive": true
    },
    "gke_cluster_name": {
      "value": "makeauto-gke",
      "type": "string"
    },
    "gke_endpoint": {
      "value": "34.70.147.148",
      "type": "string"
    },
    "project_id": {
      "value": "iot-k8s-petor",
      "type": "string"
    },
    "pubsub_subscription": {
      "value": "iot-events-sub",
      "type": "string"
    },
    "pubsub_topic": {
      "value": "iot-events",
      "type": "string"
    },
    "region": {
      "value": "us-central1",
      "type": "string"
    },
    "sql_database_name": {
      "value": "makeauto_db",
      "type": "string"
    },
    "sql_instance_connection_name": {
      "value": "iot-k8s-petor:us-central1:makeauto-sql",
      "type": "string"
    },
    "sql_instance_ip": {
      "value": "",
      "type": "string"
    },
    "subnet_name": {
      "value": "makeauto-subnet",
      "type": "string"
    },
    "vpc_name": {
      "value": "makeauto-vpc",
      "type": "string"
    }
  },
  "resources": [
    {
      "mode": "data",
      "type": "google_project",
      "name": "current",
      "provider": "provider[\"registry.terraform.io/hashicorp/google\"]",
      "instances": [
        {
          "schema_version": 0,
          "attributes": {
            "auto_create_network": null,
            "billing_account": null,
            "deletion_policy": "PREVENT",
            "effective_labels": {},
            "folder_id": null,
            "id": "projects/iot-k8s-petor",
            "labels": {},
            "name": "iot-k8s-petor",
            "number": "351604850196",
            "org_id": null,
            "project_id": "iot-k8s-petor",
            "tags": null,
            "terraform_labels": {}
          },
          "sensitive_attributes": [],
          "identity_schema_version": 0
        }
      ]
    },
    {
      "mode": "managed",
      "type": "google_compute_firewall",
      "name": "allow_ssh",
      "provider": "provider[\"registry.terraform.io/hashicorp/google\"]",
      "instances": [
        {
          "schema_version": 1,
          "attributes": {
            "allow": [
              {
                "ports": [
                  "22"
                ],
                "protocol": "tcp"
              }
            ],
            "creation_timestamp": "2025-12-06T18:04:57.365-08:00",
            "deny": [],
            "description": "",
            "destination_ranges": [],
            "direction": "INGRESS",
            "disabled": true,
            "enable_logging": null,
            "id": "projects/iot-k8s-petor/global/firewalls/makeauto-allow-ssh",
            "log_config": [],
            "name": "makeauto-allow-ssh",
            "network": "https://www.googleapis.com/compute/v1/projects/iot-k8s-petor/global/networks/makeauto-vpc",
            "params": [],
            "priority": 1000,
            "project": "iot-k8s-petor",
            "self_link": "https://www.googleapis.com/compute/v1/projects/iot-k8s-petor/global/firewalls/makeauto-allow-ssh",
            "source_ranges": [
              "0.0.0.0/0"
            ],
            "source_service_accounts": null,
            "source_tags": null,
            "target_service_accounts": null,
            "target_tags": null,
            "timeouts": null
          },
          "sensitive_attributes": [],
          "identity_schema_version": 0,
          "private": "eyJlMmJmYjczMC1lY2FhLTExZTYtOGY4OC0zNDM2M2JjN2M0YzAiOnsiY3JlYXRlIjoxMjAwMDAwMDAwMDAwLCJkZWxldGUiOjEyMDAwMDAwMDAwMDAsInVwZGF0ZSI6MTIwMDAwMDAwMDAwMH0sInNjaGVtYV92ZXJzaW9uIjoiMSJ9",
          "dependencies": [
            "google_compute_network.main"
          ]
        }
      ]
    },
    {
      "mode": "managed",
      "type": "google_compute_firewall",
      "name": "egress_allow",
      "provider": "provider[\"registry.terraform.io/hashicorp/google\"]",
      "instances": [
        {
          "schema_version": 1,
          "attributes": {
            "allow": [
              {
                "ports": [],
                "protocol": "all"
              }
            ],
            "creation_timestamp": "2025-12-06T18:04:57.150-08:00",
            "deny": [],
            "description": "",
            "destination_ranges": [
              "0.0.0.0/0"
            ],
            "direction": "EGRESS",
            "disabled": false,
            "enable_logging": null,
            "id": "projects/iot-k8s-petor/global/firewalls/makeauto-egress-allow",
            "log_config": [],
            "name": "makeauto-egress-allow",
            "network": "https://www.googleapis.com/compute/v1/projects/iot-k8s-petor/global/networks/makeauto-vpc",
            "params": [],
            "priority": 1000,
            "project": "iot-k8s-petor",
            "self_link": "https://www.googleapis.com/compute/v1/projects/iot-k8s-petor/global/firewalls/makeauto-egress-allow",
            "source_ranges": null,
            "source_service_accounts": null,
            "source_tags": null,
            "target_service_accounts": null,
            "target_tags": null,
            "timeouts": null
          },
          "sensitive_attributes": [],
          "identity_schema_version": 0,
          "private": "eyJlMmJmYjczMC1lY2FhLTExZTYtOGY4OC0zNDM2M2JjN2M0YzAiOnsiY3JlYXRlIjoxMjAwMDAwMDAwMDAwLCJkZWxldGUiOjEyMDAwMDAwMDAwMDAsInVwZGF0ZSI6MTIwMDAwMDAwMDAwMH0sInNjaGVtYV92ZXJzaW9uIjoiMSJ9",
          "dependencies": [
            "google_compute_network.main"
          ]
        }
      ]
    },
    {
      "mode": "managed",
      "type": "google_compute_global_address",
      "name": "private_ip_range",
      "provider": "provider[\"registry.terraform.io/hashicorp/google\"]",
      "instances": [
        {
          "schema_version": 0,
          "attributes": {
            "address": "10.45.0.0",
            "address_type": "INTERNAL",
            "creation_timestamp": "2025-12-06T18:04:57.229-08:00",
            "description": "",
            "effective_labels": {
              "goog-terraform-provisioned": "true"
            },
            "id": "projects/iot-k8s-petor/global/addresses/makeauto-sql-private-ip-range",
            "ip_version": "",
            "label_fingerprint": "vezUS-42LLM=",
            "labels": {},
            "name": "makeauto-sql-private-ip-range",
            "network": "https://www.googleapis.com/compute/v1/projects/iot-k8s-petor/global/networks/makeauto-vpc",
            "prefix_length": 16,
            "project": "iot-k8s-petor",
            "purpose": "VPC_PEERING",
            "self_link": "https://www.googleapis.com/compute/v1/projects/iot-k8s-petor/global/addresses/makeauto-sql-private-ip-range",
            "terraform_labels": {
              "goog-terraform-provisioned": "true"
            },
            "timeouts": null
          },
          "sensitive_attributes": [],
          "identity_schema_version": 0,
          "private": "eyJlMmJmYjczMC1lY2FhLTExZTYtOGY4OC0zNDM2M2JjN2M0YzAiOnsiY3JlYXRlIjoxMjAwMDAwMDAwMDAwLCJkZWxldGUiOjEyMDAwMDAwMDAwMDAsInVwZGF0ZSI6MTIwMDAwMDAwMDAwMH19",
          "dependencies": [
            "google_compute_network.main"
          ]
        }
      ]
    },
    {
      "mode": "managed",
      "type": "google_compute_network",
      "name": "main",
      "provider": "provider[\"registry.terraform.io/hashicorp/google\"]",
      "instances": [
        {
          "schema_version": 0,
          "attributes": {
            "auto_create_subnetworks": false,
            "bgp_always_compare_med": false,
            "bgp_best_path_selection_mode": "LEGACY",
            "bgp_inter_region_cost": "",
            "delete_default_routes_on_create": false,
            "description": "",
            "enable_ula_internal_ipv6": false,
            "gateway_ipv4": "",
            "id": "projects/iot-k8s-petor/global/networks/makeauto-vpc",
            "internal_ipv6_range": "",
            "mtu": 0,
            "name": "makeauto-vpc",
            "network_firewall_policy_enforcement_order": "AFTER_CLASSIC_FIREWALL",
            "network_id": "44131500716285522",
            "network_profile": "",
            "numeric_id": "44131500716285522",
            "params": [],
            "project": "iot-k8s-petor",
            "routing_mode": "REGIONAL",
            "self_link": "https://www.googleapis.com/compute/v1/projects/iot-k8s-petor/global/networks/makeauto-vpc",
            "timeouts": null
          },
          "sensitive_attributes": [],
          "identity_schema_version": 0,
          "private": "eyJlMmJmYjczMC1lY2FhLTExZTYtOGY4OC0zNDM2M2JjN2M0YzAiOnsiY3JlYXRlIjoxMjAwMDAwMDAwMDAwLCJkZWxldGUiOjEyMDAwMDAwMDAwMDAsInVwZGF0ZSI6MTIwMDAwMDAwMDAwMH19"
        }
      ]
    },
    {
      "mode": "managed",
      "type": "google_compute_subnetwork",
      "name": "main",
      "provider": "provider[\"registry.terraform.io/hashicorp/google\"]",
      "instances": [
        {
          "schema_version": 0,
          "attributes": {
            "creation_timestamp": "2025-12-06T18:04:57.370-08:00",
            "description": "",
            "external_ipv6_prefix": "",
            "fingerprint": null,
            "gateway_address": "10.10.0.1",
            "id": "projects/iot-k8s-petor/regions/us-central1/subnetworks/makeauto-subnet",
            "internal_ipv6_prefix": "",
            "ip_cidr_range": "10.10.0.0/24",
            "ip_collection": null,
            "ipv6_access_type": "",
            "ipv6_cidr_range": "",
            "ipv6_gce_endpoint": "",
            "log_config": [],
            "name": "makeauto-subnet",
            "network": "https://www.googleapis.com/compute/v1/projects/iot-k8s-petor/global/networks/makeauto-vpc",
            "params": [],
            "private_ip_google_access": true,
            "private_ipv6_google_access": "DISABLE_GOOGLE_ACCESS",
            "project": "iot-k8s-petor",
            "purpose": "PRIVATE",
            "region": "us-central1",
            "reserved_internal_range": "",
            "role": "",
            "secondary_ip_range": [
              {
                "ip_cidr_range": "10.20.0.0/16",
                "range_name": "makeauto-pods",
                "reserved_internal_range": ""
              },
              {
                "ip_cidr_range": "10.30.0.0/20",
                "range_name": "makeauto-services",
                "reserved_internal_range": ""
              }
            ],
            "self_link": "https://www.googleapis.com/compute/v1/projects/iot-k8s-petor/regions/us-central1/subnetworks/makeauto-subnet",
            "send_secondary_ip_range_if_empty": null,
            "stack_type": "IPV4_ONLY",
            "state": "",
            "subnetwork_id": 3169551576785837606,
            "timeouts": null
          },
          "sensitive_attributes": [],
          "identity_schema_version": 0,
          "private": "eyJlMmJmYjczMC1lY2FhLTExZTYtOGY4OC0zNDM2M2JjN2M0YzAiOnsiY3JlYXRlIjoxMjAwMDAwMDAwMDAwLCJkZWxldGUiOjEyMDAwMDAwMDAwMDAsInVwZGF0ZSI6MTIwMDAwMDAwMDAwMH19",
          "dependencies": [
            "google_compute_network.main"
          ]
        }
      ]
    },
    {
      "mode": "managed",
      "type": "google_project_service",
      "name": "enabled_services",
      "provider": "provider[\"registry.terraform.io/hashicorp/google\"]",
      "instances": [
        {
          "index_key": "artifactregistry.googleapis.com",
          "schema_version": 0,
          "attributes": {
            "disable_dependent_services": null,
            "disable_on_destroy": false,
            "id": "iot-k8s-petor/artifactregistry.googleapis.com",
            "project": "iot-k8s-petor",
            "service": "artifactregistry.googleapis.com",
            "timeouts": null
          },
          "sensitive_attributes": [],
          "identity_schema_version": 0,
          "private": "eyJlMmJmYjczMC1lY2FhLTExZTYtOGY4OC0zNDM2M2JjN2M0YzAiOnsiY3JlYXRlIjoxMjAwMDAwMDAwMDAwLCJkZWxldGUiOjEyMDAwMDAwMDAwMDAsInJlYWQiOjYwMDAwMDAwMDAwMCwidXBkYXRlIjoxMjAwMDAwMDAwMDAwfX0="
        },
        {
          "index_key": "cloudresourcemanager.googleapis.com",
          "schema_version": 0,
          "attributes": {
            "disable_dependent_services": null,
            "disable_on_destroy": false,
            "id": "iot-k8s-petor/cloudresourcemanager.googleapis.com",
            "project": "iot-k8s-petor",
            "service": "cloudresourcemanager.googleapis.com",
            "timeouts": null
          },
          "sensitive_attributes": [],
          "identity_schema_version": 0,
          "private": "eyJlMmJmYjczMC1lY2FhLTExZTYtOGY4OC0zNDM2M2JjN2M0YzAiOnsiY3JlYXRlIjoxMjAwMDAwMDAwMDAwLCJkZWxldGUiOjEyMDAwMDAwMDAwMDAsInJlYWQiOjYwMDAwMDAwMDAwMCwidXBkYXRlIjoxMjAwMDAwMDAwMDAwfX0="
        },
        {
          "index_key": "compute.googleapis.com",
          "schema_version": 0,
          "attributes": {
            "disable_dependent_services": null,
            "disable_on_destroy": false,
            "id": "iot-k8s-petor/compute.googleapis.com",
            "project": "iot-k8s-petor",
            "service": "compute.googleapis.com",
            "timeouts": null
          },
          "sensitive_attributes": [],
          "identity_schema_version": 0,
          "private": "eyJlMmJmYjczMC1lY2FhLTExZTYtOGY4OC0zNDM2M2JjN2M0YzAiOnsiY3JlYXRlIjoxMjAwMDAwMDAwMDAwLCJkZWxldGUiOjEyMDAwMDAwMDAwMDAsInJlYWQiOjYwMDAwMDAwMDAwMCwidXBkYXRlIjoxMjAwMDAwMDAwMDAwfX0="
        },
        {
          "index_key": "container.googleapis.com",
          "schema_version": 0,
          "attributes": {
            "disable_dependent_services": null,
            "disable_on_destroy": false,
            "id": "iot-k8s-petor/container.googleapis.com",
            "project": "iot-k8s-petor",
            "service": "container.googleapis.com",
            "timeouts": null
          },
          "sensitive_attributes": [],
          "identity_schema_version": 0,
          "private": "eyJlMmJmYjczMC1lY2FhLTExZTYtOGY4OC0zNDM2M2JjN2M0YzAiOnsiY3JlYXRlIjoxMjAwMDAwMDAwMDAwLCJkZWxldGUiOjEyMDAwMDAwMDAwMDAsInJlYWQiOjYwMDAwMDAwMDAwMCwidXBkYXRlIjoxMjAwMDAwMDAwMDAwfX0="
        },
        {
          "index_key": "pubsub.googleapis.com",
          "schema_version": 0,
          "attributes": {
            "disable_dependent_services": null,
            "disable_on_destroy": false,
            "id": "iot-k8s-petor/pubsub.googleapis.com",
            "project": "iot-k8s-petor",
            "service": "pubsub.googleapis.com",
            "timeouts": null
          },
          "sensitive_attributes": [],
          "identity_schema_version": 0,
          "private": "eyJlMmJmYjczMC1lY2FhLTExZTYtOGY4OC0zNDM2M2JjN2M0YzAiOnsiY3JlYXRlIjoxMjAwMDAwMDAwMDAwLCJkZWxldGUiOjEyMDAwMDAwMDAwMDAsInJlYWQiOjYwMDAwMDAwMDAwMCwidXBkYXRlIjoxMjAwMDAwMDAwMDAwfX0="
        },
        {
          "index_key": "servicenetworking.googleapis.com",
          "schema_version": 0,
          "attributes": {
            "disable_dependent_services": null,
            "disable_on_destroy": false,
            "id": "iot-k8s-petor/servicenetworking.googleapis.com",
            "project": "iot-k8s-petor",
            "service": "servicenetworking.googleapis.com",
            "timeouts": null
          },
          "sensitive_attributes": [],
          "identity_schema_version": 0,
          "private": "eyJlMmJmYjczMC1lY2FhLTExZTYtOGY4OC0zNDM2M2JjN2M0YzAiOnsiY3JlYXRlIjoxMjAwMDAwMDAwMDAwLCJkZWxldGUiOjEyMDAwMDAwMDAwMDAsInJlYWQiOjYwMDAwMDAwMDAwMCwidXBkYXRlIjoxMjAwMDAwMDAwMDAwfX0="
        },
        {
          "index_key": "sqladmin.googleapis.com",
          "schema_version": 0,
          "attributes": {
            "disable_dependent_services": null,
            "disable_on_destroy": false,
            "id": "iot-k8s-petor/sqladmin.googleapis.com",
            "project": "iot-k8s-petor",
            "service": "sqladmin.googleapis.com",
            "timeouts": null
          },
          "sensitive_attributes": [],
          "identity_schema_version": 0,
          "private": "eyJlMmJmYjczMC1lY2FhLTExZTYtOGY4OC0zNDM2M2JjN2M0YzAiOnsiY3JlYXRlIjoxMjAwMDAwMDAwMDAwLCJkZWxldGUiOjEyMDAwMDAwMDAwMDAsInJlYWQiOjYwMDAwMDAwMDAwMCwidXBkYXRlIjoxMjAwMDAwMDAwMDAwfX0="
        }
      ]
    },
    {
      "mode": "managed",
      "type": "google_service_networking_connection",
      "name": "private_vpc_connection",
      "provider": "provider[\"registry.terraform.io/hashicorp/google\"]",
      "instances": [
        {
          "schema_version": 0,
          "attributes": {
            "deletion_policy": null,
            "id": "https%3A%2F%2Fwww.googleapis.com%2Fcompute%2Fv1%2Fprojects%2Fiot-k8s-petor%2Fglobal%2Fnetworks%2Fmakeauto-vpc:services%2Fservicenetworking.googleapis.com",
            "network": "https://www.googleapis.com/compute/v1/projects/iot-k8s-petor/global/networks/makeauto-vpc",
            "peering": "servicenetworking-googleapis-com",
            "reserved_peering_ranges": [
              "makeauto-sql-private-ip-range"
            ],
            "service": "services/servicenetworking.googleapis.com",
            "timeouts": null,
            "update_on_creation_fail": null
          },
          "sensitive_attributes": [],
          "identity_schema_version": 0,
          "private": "eyJlMmJmYjczMC1lY2FhLTExZTYtOGY4OC0zNDM2M2JjN2M0YzAiOnsiY3JlYXRlIjo2MDAwMDAwMDAwMDAsImRlbGV0ZSI6NjAwMDAwMDAwMDAwLCJ1cGRhdGUiOjYwMDAwMDAwMDAwMH19",
          "dependencies": [
            "google_compute_global_address.private_ip_range",
            "google_compute_network.main",
            "google_project_service.enabled_services"
          ]
        }
      ]
    }
  ],
  "check_results": null
}
